
Microsoft Visual Studio Solution File, Format Version 12.00
# Visual Studio Version 17
VisualStudioVersion = 17.0.31903.59
MinimumVisualStudioVersion = 10.0.40219.1
Project("{FAE04EC0-301F-11D3-BF4B-00C04F79EFBC}") = "ChannelManager.API", "ChannelManager.API\ChannelManager.API.csproj", "{934BA421-CE8D-4845-806B-B0E110903E3B}"
EndProject
Project("{FAE04EC0-301F-11D3-BF4B-00C04F79EFBC}") = "ChannelManager.Core", "ChannelManager.Core\ChannelManager.Core.csproj", "{77ADB339-387C-4AD3-825B-6D54DD62B172}"
EndProject
Project("{FAE04EC0-301F-11D3-BF4B-00C04F79EFBC}") = "ChannelManager.Infrastructure", "ChannelManager.Infrastructure\ChannelManager.Infrastructure.csproj", "{2C919E22-9C26-484A-BF70-6FC90FBBF8C0}"
EndProject
Project("{FAE04EC0-301F-11D3-BF4B-00C04F79EFBC}") = "ChannelManager.Tests", "ChannelManager.Tests\ChannelManager.Tests.csproj", "{D08D71A9-4FF9-4232-898F-A053C5D14C7F}"
EndProject
Global
	GlobalSection(SolutionConfigurationPlatforms) = preSolution
		Debug|Any CPU = Debug|Any CPU
		Debug|x64 = Debug|x64
		Debug|x86 = Debug|x86
		Release|Any CPU = Release|Any CPU
		Release|x64 = Release|x64
		Release|x86 = Release|x86
	EndGlobalSection
	GlobalSection(ProjectConfigurationPlatforms) = postSolution
		{934BA421-CE8D-4845-806B-B0E110903E3B}.Debug|Any CPU.ActiveCfg = Debug|Any CPU
		{934BA421-CE8D-4845-806B-B0E110903E3B}.Debug|Any CPU.Build.0 = Debug|Any CPU
		{934BA421-CE8D-4845-806B-B0E110903E3B}.Debug|x64.ActiveCfg = Debug|Any CPU
		{934BA421-CE8D-4845-806B-B0E110903E3B}.Debug|x64.Build.0 = Debug|Any CPU
		{934BA421-CE8D-4845-806B-B0E110903E3B}.Debug|x86.ActiveCfg = Debug|Any CPU
		{934BA421-CE8D-4845-806B-B0E110903E3B}.Debug|x86.Build.0 = Debug|Any CPU
		{934BA421-CE8D-4845-806B-B0E110903E3B}.Release|Any CPU.ActiveCfg = Release|Any CPU
		{934BA421-CE8D-4845-806B-B0E110903E3B}.Release|Any CPU.Build.0 = Release|Any CPU
		{934BA421-CE8D-4845-806B-B0E110903E3B}.Release|x64.ActiveCfg = Release|Any CPU
		{934BA421-CE8D-4845-806B-B0E110903E3B}.Release|x64.Build.0 = Release|Any CPU
		{934BA421-CE8D-4845-806B-B0E110903E3B}.Release|x86.ActiveCfg = Release|Any CPU
		{934BA421-CE8D-4845-806B-B0E110903E3B}.Release|x86.Build.0 = Release|Any CPU
		{77ADB339-387C-4AD3-825B-6D54DD62B172}.Debug|Any CPU.ActiveCfg = Debug|Any CPU
		{77ADB339-387C-4AD3-825B-6D54DD62B172}.Debug|Any CPU.Build.0 = Debug|Any CPU
		{77ADB339-387C-4AD3-825B-6D54DD62B172}.Debug|x64.ActiveCfg = Debug|Any CPU
		{77ADB339-387C-4AD3-825B-6D54DD62B172}.Debug|x64.Build.0 = Debug|Any CPU
		{77ADB339-387C-4AD3-825B-6D54DD62B172}.Debug|x86.ActiveCfg = Debug|Any CPU
		{77ADB339-387C-4AD3-825B-6D54DD62B172}.Debug|x86.Build.0 = Debug|Any CPU
		{77ADB339-387C-4AD3-825B-6D54DD62B172}.Release|Any CPU.ActiveCfg = Release|Any CPU
		{77ADB339-387C-4AD3-825B-6D54DD62B172}.Release|Any CPU.Build.0 = Release|Any CPU
		{77ADB339-387C-4AD3-825B-6D54DD62B172}.Release|x64.ActiveCfg = Release|Any CPU
		{77ADB339-387C-4AD3-825B-6D54DD62B172}.Release|x64.Build.0 = Release|Any CPU
		{77ADB339-387C-4AD3-825B-6D54DD62B172}.Release|x86.ActiveCfg = Release|Any CPU
		{77ADB339-387C-4AD3-825B-6D54DD62B172}.Release|x86.Build.0 = Release|Any CPU
		{2C919E22-9C26-484A-BF70-6FC90FBBF8C0}.Debug|Any CPU.ActiveCfg = Debug|Any CPU
		{2C919E22-9C26-484A-BF70-6FC90FBBF8C0}.Debug|Any CPU.Build.0 = Debug|Any CPU
		{2C919E22-9C26-484A-BF70-6FC90FBBF8C0}.Debug|x64.ActiveCfg = Debug|Any CPU
		{2C919E22-9C26-484A-BF70-6FC90FBBF8C0}.Debug|x64.Build.0 = Debug|Any CPU
		{2C919E22-9C26-484A-BF70-6FC90FBBF8C0}.Debug|x86.ActiveCfg = Debug|Any CPU
		{2C919E22-9C26-484A-BF70-6FC90FBBF8C0}.Debug|x86.Build.0 = Debug|Any CPU
		{2C919E22-9C26-484A-BF70-6FC90FBBF8C0}.Release|Any CPU.ActiveCfg = Release|Any CPU
		{2C919E22-9C26-484A-BF70-6FC90FBBF8C0}.Release|Any CPU.Build.0 = Release|Any CPU
		{2C919E22-9C26-484A-BF70-6FC90FBBF8C0}.Release|x64.ActiveCfg = Release|Any CPU
		{2C919E22-9C26-484A-BF70-6FC90FBBF8C0}.Release|x64.Build.0 = Release|Any CPU
		{2C919E22-9C26-484A-BF70-6FC90FBBF8C0}.Release|x86.ActiveCfg = Release|Any CPU
		{2C919E22-9C26-484A-BF70-6FC90FBBF8C0}.Release|x86.Build.0 = Release|Any CPU
		{D08D71A9-4FF9-4232-898F-A053C5D14C7F}.Debug|Any CPU.ActiveCfg = Debug|Any CPU
		{D08D71A9-4FF9-4232-898F-A053C5D14C7F}.Debug|Any CPU.Build.0 = Debug|Any CPU
		{D08D71A9-4FF9-4232-898F-A053C5D14C7F}.Debug|x64.ActiveCfg = Debug|Any CPU
		{D08D71A9-4FF9-4232-898F-A053C5D14C7F}.Debug|x64.Build.0 = Debug|Any CPU
		{D08D71A9-4FF9-4232-898F-A053C5D14C7F}.Debug|x86.ActiveCfg = Debug|Any CPU
		{D08D71A9-4FF9-4232-898F-A053C5D14C7F}.Debug|x86.Build.0 = Debug|Any CPU
		{D08D71A9-4FF9-4232-898F-A053C5D14C7F}.Release|Any CPU.ActiveCfg = Release|Any CPU
		{D08D71A9-4FF9-4232-898F-A053C5D14C7F}.Release|Any CPU.Build.0 = Release|Any CPU
		{D08D71A9-4FF9-4232-898F-A053C5D14C7F}.Release|x64.ActiveCfg = Release|Any CPU
		{D08D71A9-4FF9-4232-898F-A053C5D14C7F}.Release|x64.Build.0 = Release|Any CPU
		{D08D71A9-4FF9-4232-898F-A053C5D14C7F}.Release|x86.ActiveCfg = Release|Any CPU
		{D08D71A9-4FF9-4232-898F-A053C5D14C7F}.Release|x86.Build.0 = Release|Any CPU
	EndGlobalSection
	GlobalSection(SolutionProperties) = preSolution
		HideSolutionNode = FALSE
	EndGlobalSection
EndGlobal
